
Microsoft Visual Studio Solution File, Format Version 12.00
# Visual Studio 2013
VisualStudioVersion = 12.0.31101.0
MinimumVisualStudioVersion = 10.0.40219.1
Project("{FAE04EC0-301F-11D3-BF4B-00C04F79EFBC}") = "Gantt4Project", "Gantt4Project\Gantt4Project.csproj", "{7E5995E8-202A-49F4-B163-2321B487050C}"
EndProject
Project("{2150E333-8FDC-42A3-9474-1A3956D46DE8}") = "Solution Items", "Solution Items", "{DBD534C3-27D4-4151-BD9F-0E5C6A9F15E3}"
	ProjectSection(SolutionItems) = preProject
		LICENSE = LICENSE
		README.md = README.md
	EndProjectSection
EndProject
Global
	GlobalSection(SolutionConfigurationPlatforms) = preSolution
		Debug|Any CPU = Debug|Any CPU
		Release|Any CPU = Release|Any CPU
		Description = MindBusiness Codeless SB Gantt Script Editor Web Part
	EndGlobalSection
	GlobalSection(ProjectConfigurationPlatforms) = postSolution
		{7E5995E8-202A-49F4-B163-2321B487050C}.Debug|Any CPU.ActiveCfg = Debug|Any CPU
		{7E5995E8-202A-49F4-B163-2321B487050C}.Debug|Any CPU.Build.0 = Debug|Any CPU
		{7E5995E8-202A-49F4-B163-2321B487050C}.Debug|Any CPU.Deploy.0 = Debug|Any CPU
		{7E5995E8-202A-49F4-B163-2321B487050C}.Release|Any CPU.ActiveCfg = Release|Any CPU
		{7E5995E8-202A-49F4-B163-2321B487050C}.Release|Any CPU.Build.0 = Release|Any CPU
		{7E5995E8-202A-49F4-B163-2321B487050C}.Release|Any CPU.Deploy.0 = Release|Any CPU
	EndGlobalSection
	GlobalSection(SolutionProperties) = preSolution
		HideSolutionNode = FALSE
	EndGlobalSection
EndGlobal
